dependencies:
  espressif/esp_tinyusb:
    component_hash: 43d73c626724054db083ad2a537e8af223e3bca7a915fc38a9d9c6c7f2920a69
    dependencies:
    - name: idf
      require: private
      version: '>=5.0'
    - name: espressif/tinyusb
      registry_url: https://components.espressif.com
      require: public
      version: '>=0.14.2'
    source:
      registry_url: https://components.espressif.com/
      type: service
    version: 1.4.3
  espressif/tinyusb:
    component_hash: a72b7d67472914ab76309340fd50d578b31e310963d45ad0f81144bde3314752
    dependencies:
    - name: idf
      require: private
      version: '>=5.0'
    source:
      registry_url: https://components.espressif.com
      type: service
    targets:
    - esp32s2
    - esp32s3
    - esp32p4
    - esp32h4
    - esp32s31
    version: 0.21.0~1
  idf:
    source:
      type: idf
    version: 5.3.5
direct_dependencies:
- espressif/esp_tinyusb
- idf
manifest_hash: 29dcf015e1783137f622abd8770d020fa14bd218d5e36ac52957596a2d62d510
target: esp32s3
version: 2.0.0
